
Microsoft Visual Studio Solution File, Format Version 12.00
# Visual Studio Version 16
VisualStudioVersion = 16.0.31702.278
MinimumVisualStudioVersion = 10.0.40219.1
Project("{FAE04EC0-301F-11D3-BF4B-00C04F79EFBC}") = "Home Work 3.1", "Home Work 3.1\Home Work 3.1.csproj", "{9B3623C4-1952-4B2A-BA02-69C6E0ADCCF2}"
EndProject
Project("{FAE04EC0-301F-11D3-BF4B-00C04F79EFBC}") = "Home Work 3.2", "Home Work 3.2\Home Work 3.2.csproj", "{8B58DEB1-5AED-4CA3-AF18-788F297DC9EA}"
EndProject
Project("{FAE04EC0-301F-11D3-BF4B-00C04F79EFBC}") = "Home Work 3.3", "Home Work 3.3\Home Work 3.3.csproj", "{792AB689-C907-4E3E-B814-F20D5CC285B1}"
EndProject
Project("{FAE04EC0-301F-11D3-BF4B-00C04F79EFBC}") = "Home Work 3.4", "Home Work 3.4\Home Work 3.4.csproj", "{F882DCA7-85CA-480F-B8DB-2D80A497D6C8}"
EndProject
Global
	GlobalSection(SolutionConfigurationPlatforms) = preSolution
		Debug|Any CPU = Debug|Any CPU
		Release|Any CPU = Release|Any CPU
	EndGlobalSection
	GlobalSection(ProjectConfigurationPlatforms) = postSolution
		{9B3623C4-1952-4B2A-BA02-69C6E0ADCCF2}.Debug|Any CPU.ActiveCfg = Debug|Any CPU
		{9B3623C4-1952-4B2A-BA02-69C6E0ADCCF2}.Debug|Any CPU.Build.0 = Debug|Any CPU
		{9B3623C4-1952-4B2A-BA02-69C6E0ADCCF2}.Release|Any CPU.ActiveCfg = Release|Any CPU
		{9B3623C4-1952-4B2A-BA02-69C6E0ADCCF2}.Release|Any CPU.Build.0 = Release|Any CPU
		{8B58DEB1-5AED-4CA3-AF18-788F297DC9EA}.Debug|Any CPU.ActiveCfg = Debug|Any CPU
		{8B58DEB1-5AED-4CA3-AF18-788F297DC9EA}.Debug|Any CPU.Build.0 = Debug|Any CPU
		{8B58DEB1-5AED-4CA3-AF18-788F297DC9EA}.Release|Any CPU.ActiveCfg = Release|Any CPU
		{8B58DEB1-5AED-4CA3-AF18-788F297DC9EA}.Release|Any CPU.Build.0 = Release|Any CPU
		{792AB689-C907-4E3E-B814-F20D5CC285B1}.Debug|Any CPU.ActiveCfg = Debug|Any CPU
		{792AB689-C907-4E3E-B814-F20D5CC285B1}.Debug|Any CPU.Build.0 = Debug|Any CPU
		{792AB689-C907-4E3E-B814-F20D5CC285B1}.Release|Any CPU.ActiveCfg = Release|Any CPU
		{792AB689-C907-4E3E-B814-F20D5CC285B1}.Release|Any CPU.Build.0 = Release|Any CPU
		{F882DCA7-85CA-480F-B8DB-2D80A497D6C8}.Debug|Any CPU.ActiveCfg = Debug|Any CPU
		{F882DCA7-85CA-480F-B8DB-2D80A497D6C8}.Debug|Any CPU.Build.0 = Debug|Any CPU
		{F882DCA7-85CA-480F-B8DB-2D80A497D6C8}.Release|Any CPU.ActiveCfg = Release|Any CPU
		{F882DCA7-85CA-480F-B8DB-2D80A497D6C8}.Release|Any CPU.Build.0 = Release|Any CPU
	EndGlobalSection
	GlobalSection(SolutionProperties) = preSolution
		HideSolutionNode = FALSE
	EndGlobalSection
	GlobalSection(ExtensibilityGlobals) = postSolution
		SolutionGuid = {79E7D953-297B-45F2-A820-9EBC1FFE10BC}
	EndGlobalSection
EndGlobal
